{
  "lockfileVersion": 1,
  "configVersion": 1,
  "workspaces": {
    "": {
      "name": "kafe-eman",
      "devDependencies": {
        "only-allow": "^1.2.2",
      },
    },
  },
  "packages": {
    "only-allow": ["only-allow@1.2.2", "", { "dependencies": { "which-pm-runs": "1.1.0" }, "bin": { "only-allow": "bin.js" } }, "sha512-uxyNYDsCh5YIJ780G7hC5OHjVUr9reHsbZNMM80L9tZlTpb3hUzb36KXgW4ZUGtJKQnGA3xegmWg1BxhWV0jJA=="],

    "which-pm-runs": ["which-pm-runs@1.1.0", "", {}, "sha512-n1brCuqClxfFfq/Rb0ICg9giSZqCS+pLtccdag6C2HyufBrh3fBOiy9nb6ggRMvWOVH5GrdJskj5iGTZNxd7SA=="],
  }
}
